
Microsoft Visual Studio Solution File, Format Version 12.00
# Visual Studio 2012
Project("{FAE04EC0-301F-11D3-BF4B-00C04F79EFBC}") = "Stored.Tests", "Stored.Tests\Stored.Tests.csproj", "{97A4AD1D-243E-4AA2-BBAB-E338DC48B15F}"
EndProject
Project("{FAE04EC0-301F-11D3-BF4B-00C04F79EFBC}") = "Stored", "Stored\Stored.csproj", "{A2B05E5A-7044-4D99-A25A-B52A0638D985}"
EndProject
Project("{2150E333-8FDC-42A3-9474-1A3956D46DE8}") = ".nuget", ".nuget", "{5DBABDE1-6520-4B00-86A7-80ABF7D13A15}"
	ProjectSection(SolutionItems) = preProject
		.nuget\NuGet.Config = .nuget\NuGet.Config
		.nuget\NuGet.exe = .nuget\NuGet.exe
		.nuget\NuGet.targets = .nuget\NuGet.targets
	EndProjectSection
EndProject
Project("{FAE04EC0-301F-11D3-BF4B-00C04F79EFBC}") = "Stored.Postgres", "Stored.Postgres\Stored.Postgres.csproj", "{D4A7994F-E3DB-4C03-A831-217434167CDF}"
EndProject
Global
	GlobalSection(SolutionConfigurationPlatforms) = preSolution
		Debug|Any CPU = Debug|Any CPU
		Release|Any CPU = Release|Any CPU
	EndGlobalSection
	GlobalSection(ProjectConfigurationPlatforms) = postSolution
		{97A4AD1D-243E-4AA2-BBAB-E338DC48B15F}.Debug|Any CPU.ActiveCfg = Debug|Any CPU
		{97A4AD1D-243E-4AA2-BBAB-E338DC48B15F}.Debug|Any CPU.Build.0 = Debug|Any CPU
		{97A4AD1D-243E-4AA2-BBAB-E338DC48B15F}.Release|Any CPU.ActiveCfg = Release|Any CPU
		{97A4AD1D-243E-4AA2-BBAB-E338DC48B15F}.Release|Any CPU.Build.0 = Release|Any CPU
		{A2B05E5A-7044-4D99-A25A-B52A0638D985}.Debug|Any CPU.ActiveCfg = Debug|Any CPU
		{A2B05E5A-7044-4D99-A25A-B52A0638D985}.Debug|Any CPU.Build.0 = Debug|Any CPU
		{A2B05E5A-7044-4D99-A25A-B52A0638D985}.Release|Any CPU.ActiveCfg = Release|Any CPU
		{A2B05E5A-7044-4D99-A25A-B52A0638D985}.Release|Any CPU.Build.0 = Release|Any CPU
		{D4A7994F-E3DB-4C03-A831-217434167CDF}.Debug|Any CPU.ActiveCfg = Debug|Any CPU
		{D4A7994F-E3DB-4C03-A831-217434167CDF}.Debug|Any CPU.Build.0 = Debug|Any CPU
		{D4A7994F-E3DB-4C03-A831-217434167CDF}.Release|Any CPU.ActiveCfg = Release|Any CPU
		{D4A7994F-E3DB-4C03-A831-217434167CDF}.Release|Any CPU.Build.0 = Release|Any CPU
	EndGlobalSection
	GlobalSection(SolutionProperties) = preSolution
		HideSolutionNode = FALSE
	EndGlobalSection
EndGlobal
